// !$*UTF8*$!
{
	archiveVersion = 1;
	classes = {
	};
	objectVersion = 52;
	objects = {

/* Begin PBXBuildFile section */
		57D43CDD23E8327200B9585D /* AppDelegate.swift in Sources */ = {isa = PBXBuildFile; fileRef = 57D43CDC23E8327200B9585D /* AppDelegate.swift */; };
		57D43CDF23E8327200B9585D /* SceneDelegate.swift in Sources */ = {isa = PBXBuildFile; fileRef = 57D43CDE23E8327200B9585D /* SceneDelegate.swift */; };
		57D43CE123E8327200B9585D /* ContentView.swift in Sources */ = {isa = PBXBuildFile; fileRef = 57D43CE023E8327200B9585D /* ContentView.swift */; };
		57D43CE323E8327500B9585D /* Assets.xcassets in Resources */ = {isa = PBXBuildFile; fileRef = 57D43CE223E8327500B9585D /* Assets.xcassets */; };
		57D43CE623E8327500B9585D /* Preview Assets.xcassets in Resources */ = {isa = PBXBuildFile; fileRef = 57D43CE523E8327500B9585D /* Preview Assets.xcassets */; };
		57D43CE923E8327500B9585D /* LaunchScreen.storyboard in Resources */ = {isa = PBXBuildFile; fileRef = 57D43CE723E8327500B9585D /* LaunchScreen.storyboard */; };
/* End PBXBuildFile section */

/* Begin PBXFileReference section */
		57D43CD923E8327200B9585D /* EyeOn2019nCoV.app */ = {isa = PBXFileReference; explicitFileType = wrapper.application; includeInIndex = 0; path = EyeOn2019nCoV.app; sourceTree = BUILT_PRODUCTS_DIR; };
		57D43CDC23E8327200B9585D /* AppDelegate.swift */ = {isa = PBXFileReference; lastKnownFileType = sourcecode.swift; path = AppDelegate.swift; sourceTree = "<group>"; };
		57D43CDE23E8327200B9585D /* SceneDelegate.swift */ = {isa = PBXFileReference; lastKnownFileType = sourcecode.swift; path = SceneDelegate.swift; sourceTree = "<group>"; };
		57D43CE023E8327200B9585D /* ContentView.swift */ = {isa = PBXFileReference; lastKnownFileType = sourcecode.swift; path = ContentView.swift; sourceTree = "<group>"; };
		57D43CE223E8327500B9585D /* Assets.xcassets */ = {isa = PBXFileReference; lastKnownFileType = folder.assetcatalog; path = Assets.xcassets; sourceTree = "<group>"; };
		57D43CE523E8327500B9585D /* Preview Assets.xcassets */ = {isa = PBXFileReference; lastKnownFileType = folder.assetcatalog; path = "Preview Assets.xcassets"; sourceTree = "<group>"; };
		57D43CE823E8327500B9585D /* Base */ = {isa = PBXFileReference; lastKnownFileType = file.storyboard; name = Base; path = Base.lproj/LaunchScreen.storyboard; sourceTree = "<group>"; };
		57D43CEA23E8327500B9585D /* Info.plist */ = {isa = PBXFileReference; lastKnownFileType = text.plist.xml; path = Info.plist; sourceTree = "<group>"; };
/* End PBXFileReference section */

/* Begin PBXFrameworksBuildPhase section */
		57D43CD623E8327200B9585D /* Frameworks */ = {
			isa = PBXFrameworksBuildPhase;
			buildActionMask = 2147483647;
			files = (
			);
			runOnlyForDeploymentPostprocessing = 0;
		};
/* End PBXFrameworksBuildPhase section */

/* Begin PBXGroup section */
		57D43CD023E8327200B9585D = {
			isa = PBXGroup;
			children = (
				57D43CDB23E8327200B9585D /* EyeOn2019nCoV */,
				57D43CDA23E8327200B9585D /* Products */,
			);
			sourceTree = "<group>";
		};
		57D43CDA23E8327200B9585D /* Products */ = {
			isa = PBXGroup;
			children = (
				57D43CD923E8327200B9585D /* EyeOn2019nCoV.app */,
			);
			name = Products;
			sourceTree = "<group>";
		};
		57D43CDB23E8327200B9585D /* EyeOn2019nCoV */ = {
			isa = PBXGroup;
			children = (
				57D43CDC23E8327200B9585D /* AppDelegate.swift */,
				57D43CDE23E8327200B9585D /* SceneDelegate.swift */,
				57D43CE023E8327200B9585D /* ContentView.swift */,
				57D43CE223E8327500B9585D /* Assets.xcassets */,
				57D43CE723E8327500B9585D /* LaunchScreen.storyboard */,
				57D43CEA23E8327500B9585D /* Info.plist */,
				57D43CE423E8327500B9585D /* Preview Content */,
			);
			path = EyeOn2019nCoV;
			sourceTree = "<group>";
		};
		57D43CE423E8327500B9585D /* Preview Content */ = {
			isa = PBXGroup;
			children = (
				57D43CE523E8327500B9585D /* Preview Assets.xcassets */,
			);
			path = "Preview Content";
			sourceTree = "<group>";
		};
/* End PBXGroup section */

/* Begin PBXNativeTarget section */
		57D43CD823E8327200B9585D /* EyeOn2019nCoV */ = {
			isa = PBXNativeTarget;
			buildConfigurationList = 57D43CED23E8327500B9585D /* Build configuration list for PBXNativeTarget "EyeOn2019nCoV" */;
			buildPhases = (
				57D43CD523E8327200B9585D /* Sources */,
				57D43CD623E8327200B9585D /* Frameworks */,
				57D43CD723E8327200B9585D /* Resources */,
			);
			buildRules = (
			);
			dependencies = (
			);
			name = EyeOn2019nCoV;
			productName = EyeOn2019nCoV;
			productReference = 57D43CD923E8327200B9585D /* EyeOn2019nCoV.app */;
			productType = "com.apple.product-type.application";
		};
/* End PBXNativeTarget section */

/* Begin PBXProject section */
		57D43CD123E8327200B9585D /* Project object */ = {
			isa = PBXProject;
			attributes = {
				LastSwiftUpdateCheck = 1130;
				LastUpgradeCheck = 1130;
				ORGANIZATIONNAME = joig;
				TargetAttributes = {
					57D43CD823E8327200B9585D = {
						CreatedOnToolsVersion = 11.3.1;
					};
				};
			};
			buildConfigurationList = 57D43CD423E8327200B9585D /* Build configuration list for PBXProject "EyeOn2019nCoV" */;
			compatibilityVersion = "Xcode 9.3";
			developmentRegion = en;
			hasScannedForEncodings = 0;
			knownRegions = (
				en,
				Base,
			);
			mainGroup = 57D43CD023E8327200B9585D;
			packageReferences = (
				57D43CF023E833DC00B9585D /* XCRemoteSwiftPackageReference "Moya" */,
			);
			productRefGroup = 57D43CDA23E8327200B9585D /* Products */;
			projectDirPath = "";
			projectRoot = "";
			targets = (
				57D43CD823E8327200B9585D /* EyeOn2019nCoV */,
			);
		};
/* End PBXProject section */

/* Begin PBXResourcesBuildPhase section */
		57D43CD723E8327200B9585D /* Resources */ = {
			isa = PBXResourcesBuildPhase;
			buildActionMask = 2147483647;
			files = (
				57D43CE923E8327500B9585D /* LaunchScreen.storyboard in Resources */,
				57D43CE623E8327500B9585D /* Preview Assets.xcassets in Resources */,
				57D43CE323E8327500B9585D /* Assets.xcassets in Resources */,
			);
			runOnlyForDeploymentPostprocessing = 0;
		};
/* End PBXResourcesBuildPhase section */

/* Begin PBXSourcesBuildPhase section */
		57D43CD523E8327200B9585D /* Sources */ = {
			isa = PBXSourcesBuildPhase;
			buildActionMask = 2147483647;
			files = (
				57D43CDD23E8327200B9585D /* AppDelegate.swift in Sources */,
				57D43CDF23E8327200B9585D /* SceneDelegate.swift in Sources */,
				57D43CE123E8327200B9585D /* ContentView.swift in Sources */,
			);
			runOnlyForDeploymentPostprocessing = 0;
		};
/* End PBXSourcesBuildPhase section */

/* Begin PBXVariantGroup section */
		57D43CE723E8327500B9585D /* LaunchScreen.storyboard */ = {
			isa = PBXVariantGroup;
			children = (
				57D43CE823E8327500B9585D /* Base */,
			);
			name = LaunchScreen.storyboard;
			sourceTree = "<group>";
		};
/* End PBXVariantGroup section */

/* Begin XCBuildConfiguration section */
		57D43CEB23E8327500B9585D /* Debug */ = {
			isa = XCBuildConfiguration;
			buildSettings = {
				ALWAYS_SEARCH_USER_PATHS = NO;
				CLANG_ANALYZER_NONNULL = YES;
				CLANG_ANALYZER_NUMBER_OBJECT_CONVERSION = YES_AGGRESSIVE;
				CLANG_CXX_LANGUAGE_STANDARD = "gnu++14";
				CLANG_CXX_LIBRARY = "libc++";
				CLANG_ENABLE_MODULES = YES;
				CLANG_ENABLE_OBJC_ARC = YES;
				CLANG_ENABLE_OBJC_WEAK = YES;
				CLANG_WARN_BLOCK_CAPTURE_AUTORELEASING = YES;
				CLANG_WARN_BOOL_CONVERSION = YES;
				CLANG_WARN_COMMA = YES;
				CLANG_WARN_CONSTANT_CONVERSION = YES;
				CLANG_WARN_DEPRECATED_OBJC_IMPLEMENTATIONS = YES;
				CLANG_WARN_DIRECT_OBJC_ISA_USAGE = YES_ERROR;
				CLANG_WARN_DOCUMENTATION_COMMENTS = YES;
				CLANG_WARN_EMPTY_BODY = YES;
				CLANG_WARN_ENUM_CONVERSION = YES;
				CLANG_WARN_INFINITE_RECURSION = YES;
				CLANG_WARN_INT_CONVERSION = YES;
				CLANG_WARN_NON_LITERAL_NULL_CONVERSION = YES;
				CLANG_WARN_OBJC_IMPLICIT_RETAIN_SELF = YES;
				CLANG_WARN_OBJC_LITERAL_CONVERSION = YES;
				CLANG_WARN_OBJC_ROOT_CLASS = YES_ERROR;
				CLANG_WARN_RANGE_LOOP_ANALYSIS = YES;
				CLANG_WARN_STRICT_PROTOTYPES = YES;
				CLANG_WARN_SUSPICIOUS_MOVE = YES;
				CLANG_WARN_UNGUARDED_AVAILABILITY = YES_AGGRESSIVE;
				CLANG_WARN_UNREACHABLE_CODE = YES;
				CLANG_WARN__DUPLICATE_METHOD_MATCH = YES;
				COPY_PHASE_STRIP = NO;
				DEBUG_INFORMATION_FORMAT = dwarf;
				ENABLE_STRICT_OBJC_MSGSEND = YES;
				ENABLE_TESTABILITY = YES;
				GCC_C_LANGUAGE_STANDARD = gnu11;
				GCC_DYNAMIC_NO_PIC = NO;
				GCC_NO_COMMON_BLOCKS = YES;
				GCC_OPTIMIZATION_LEVEL = 0;
				GCC_PREPROCESSOR_DEFINITIONS = (
					"DEBUG=1",
					"$(inherited)",
				);
				GCC_WARN_64_TO_32_BIT_CONVERSION = YES;
				GCC_WARN_ABOUT_RETURN_TYPE = YES_ERROR;
				GCC_WARN_UNDECLARED_SELECTOR = YES;
				GCC_WARN_UNINITIALIZED_AUTOS = YES_AGGRESSIVE;
				GCC_WARN_UNUSED_FUNCTION = YES;
				GCC_WARN_UNUSED_VARIABLE = YES;
				IPHONEOS_DEPLOYMENT_TARGET = 13.2;
				MTL_ENABLE_DEBUG_INFO = INCLUDE_SOURCE;
				MTL_FAST_MATH = YES;
				ONLY_ACTIVE_ARCH = YES;
				SDKROOT = iphoneos;
				SWIFT_ACTIVE_COMPILATION_CONDITIONS = DEBUG;
				SWIFT_OPTIMIZATION_LEVEL = "-Onone";
			};
			name = Debug;
		};
		57D43CEC23E8327500B9585D /* Release */ = {
			isa = XCBuildConfiguration;
			buildSettings = {
				ALWAYS_SEARCH_USER_PATHS = NO;
				CLANG_ANALYZER_NONNULL = YES;
				CLANG_ANALYZER_NUMBER_OBJECT_CONVERSION = YES_AGGRESSIVE;
				CLANG_CXX_LANGUAGE_STANDARD = "gnu++14";
				CLANG_CXX_LIBRARY = "libc++";
				CLANG_ENABLE_MODULES = YES;
				CLANG_ENABLE_OBJC_ARC = YES;
				CLANG_ENABLE_OBJC_WEAK = YES;
				CLANG_WARN_BLOCK_CAPTURE_AUTORELEASING = YES;
				CLANG_WARN_BOOL_CONVERSION = YES;
				CLANG_WARN_COMMA = YES;
				CLANG_WARN_CONSTANT_CONVERSION = YES;
				CLANG_WARN_DEPRECATED_OBJC_IMPLEMENTATIONS = YES;
				CLANG_WARN_DIRECT_OBJC_ISA_USAGE = YES_ERROR;
				CLANG_WARN_DOCUMENTATION_COMMENTS = YES;
				CLANG_WARN_EMPTY_BODY = YES;
				CLANG_WARN_ENUM_CONVERSION = YES;
				CLANG_WARN_INFINITE_RECURSION = YES;
				CLANG_WARN_INT_CONVERSION = YES;
				CLANG_WARN_NON_LITERAL_NULL_CONVERSION = YES;
				CLANG_WARN_OBJC_IMPLICIT_RETAIN_SELF = YES;
				CLANG_WARN_OBJC_LITERAL_CONVERSION = YES;
				CLANG_WARN_OBJC_ROOT_CLASS = YES_ERROR;
				CLANG_WARN_RANGE_LOOP_ANALYSIS = YES;
				CLANG_WARN_STRICT_PROTOTYPES = YES;
				CLANG_WARN_SUSPICIOUS_MOVE = YES;
				CLANG_WARN_UNGUARDED_AVAILABILITY = YES_AGGRESSIVE;
				CLANG_WARN_UNREACHABLE_CODE = YES;
				CLANG_WARN__DUPLICATE_METHOD_MATCH = YES;
				COPY_PHASE_STRIP = NO;
				DEBUG_INFORMATION_FORMAT = "dwarf-with-dsym";
				ENABLE_NS_ASSERTIONS = NO;
				ENABLE_STRICT_OBJC_MSGSEND = YES;
				GCC_C_LANGUAGE_STANDARD = gnu11;
				GCC_NO_COMMON_BLOCKS = YES;
				GCC_WARN_64_TO_32_BIT_CONVERSION = YES;
				GCC_WARN_ABOUT_RETURN_TYPE = YES_ERROR;
				GCC_WARN_UNDECLARED_SELECTOR = YES;
				GCC_WARN_UNINITIALIZED_AUTOS = YES_AGGRESSIVE;
				GCC_WARN_UNUSED_FUNCTION = YES;
				GCC_WARN_UNUSED_VARIABLE = YES;
				IPHONEOS_DEPLOYMENT_TARGET = 13.2;
				MTL_ENABLE_DEBUG_INFO = NO;
				MTL_FAST_MATH = YES;
				SDKROOT = iphoneos;
				SWIFT_COMPILATION_MODE = wholemodule;
				SWIFT_OPTIMIZATION_LEVEL = "-O";
				VALIDATE_PRODUCT = YES;
			};
			name = Release;
		};
		57D43CEE23E8327500B9585D /* Debug */ = {
			isa = XCBuildConfiguration;
			buildSettings = {
				ASSETCATALOG_COMPILER_APPICON_NAME = AppIcon;
				CODE_SIGN_STYLE = Automatic;
				DEVELOPMENT_ASSET_PATHS = "\"EyeOn2019nCoV/Preview Content\"";
				DEVELOPMENT_TEAM = 7JP8NP67JM;
				ENABLE_PREVIEWS = YES;
				INFOPLIST_FILE = EyeOn2019nCoV/Info.plist;
				LD_RUNPATH_SEARCH_PATHS = (
					"$(inherited)",
					"@executable_path/Frameworks",
				);
				PRODUCT_BUNDLE_IDENTIFIER = com.joig.EyeOn2019nCoV;
				PRODUCT_NAME = "$(TARGET_NAME)";
				SWIFT_VERSION = 5.0;
				TARGETED_DEVICE_FAMILY = "1,2";
			};
			name = Debug;
		};
		57D43CEF23E8327500B9585D /* Release */ = {
			isa = XCBuildConfiguration;
			buildSettings = {
				ASSETCATALOG_COMPILER_APPICON_NAME = AppIcon;
				CODE_SIGN_STYLE = Automatic;
				DEVELOPMENT_ASSET_PATHS = "\"EyeOn2019nCoV/Preview Content\"";
				DEVELOPMENT_TEAM = 7JP8NP67JM;
				ENABLE_PREVIEWS = YES;
				INFOPLIST_FILE = EyeOn2019nCoV/Info.plist;
				LD_RUNPATH_SEARCH_PATHS = (
					"$(inherited)",
					"@executable_path/Frameworks",
				);
				PRODUCT_BUNDLE_IDENTIFIER = com.joig.EyeOn2019nCoV;
				PRODUCT_NAME = "$(TARGET_NAME)";
				SWIFT_VERSION = 5.0;
				TARGETED_DEVICE_FAMILY = "1,2";
			};
			name = Release;
		};
/* End XCBuildConfiguration section */

/* Begin XCConfigurationList section */
		57D43CD423E8327200B9585D /* Build configuration list for PBXProject "EyeOn2019nCoV" */ = {
			isa = XCConfigurationList;
			buildConfigurations = (
				57D43CEB23E8327500B9585D /* Debug */,
				57D43CEC23E8327500B9585D /* Release */,
			);
			defaultConfigurationIsVisible = 0;
			defaultConfigurationName = Release;
		};
		57D43CED23E8327500B9585D /* Build configuration list for PBXNativeTarget "EyeOn2019nCoV" */ = {
			isa = XCConfigurationList;
			buildConfigurations = (
				57D43CEE23E8327500B9585D /* Debug */,
				57D43CEF23E8327500B9585D /* Release */,
			);
			defaultConfigurationIsVisible = 0;
			defaultConfigurationName = Release;
		};
/* End XCConfigurationList section */

/* Begin XCRemoteSwiftPackageReference section */
		57D43CF023E833DC00B9585D /* XCRemoteSwiftPackageReference "Moya" */ = {
			isa = XCRemoteSwiftPackageReference;
			repositoryURL = "https://github.com/Moya/Moya.git";
			requirement = {
				kind = upToNextMajorVersion;
				minimumVersion = 13.0.1;
			};
		};
/* End XCRemoteSwiftPackageReference section */
	};
	rootObject = 57D43CD123E8327200B9585D /* Project object */;
}
